// !$*UTF8*$!
{
	archiveVersion = 1;
	classes = {
	};
	objectVersion = 77;
	objects = {

/* Begin PBXBuildFile section */
		C177EC17305B233900A33DDC /* SwiftfulRouting in Frameworks */ = {isa = PBXBuildFile; productRef = C177EC16305B233900A33DDC /* SwiftfulRouting */; };
		C1EC92253052E27400C4FBD1 /* SDWebImageSwiftUI in Frameworks */ = {isa = PBXBuildFile; productRef = C1EC92243052E27400C4FBD1 /* SDWebImageSwiftUI */; };
		C1EC92373052F62A00C4FBD1 /* SwiftfulUI in Frameworks */ = {isa = PBXBuildFile; productRef = C1EC92363052F62A00C4FBD1 /* SwiftfulUI */; };
		C1EC92393052F73300C4FBD1 /* SwiftfulUI in Frameworks */ = {isa = PBXBuildFile; productRef = C1EC92383052F73300C4FBD1 /* SwiftfulUI */; };
/* End PBXBuildFile section */

/* Begin PBXContainerItemProxy section */
		C1EC92073052E13C00C4FBD1 /* PBXContainerItemProxy */ = {
			isa = PBXContainerItemProxy;
			containerPortal = C1EC91F13052E13B00C4FBD1 /* Project object */;
			proxyType = 1;
			remoteGlobalIDString = C1EC91F83052E13B00C4FBD1;
			remoteInfo = Components;
		};
		C1EC92113052E13C00C4FBD1 /* PBXContainerItemProxy */ = {
			isa = PBXContainerItemProxy;
			containerPortal = C1EC91F13052E13B00C4FBD1 /* Project object */;
			proxyType = 1;
			remoteGlobalIDString = C1EC91F83052E13B00C4FBD1;
			remoteInfo = Components;
		};
/* End PBXContainerItemProxy section */

/* Begin PBXFileReference section */
		C1EC91F93052E13B00C4FBD1 /* Components.app */ = {isa = PBXFileReference; explicitFileType = wrapper.application; includeInIndex = 0; path = Components.app; sourceTree = BUILT_PRODUCTS_DIR; };
		C1EC92063052E13C00C4FBD1 /* ComponentsTests.xctest */ = {isa = PBXFileReference; explicitFileType = wrapper.cfbundle; includeInIndex = 0; path = ComponentsTests.xctest; sourceTree = BUILT_PRODUCTS_DIR; };
		C1EC92103052E13C00C4FBD1 /* ComponentsUITests.xctest */ = {isa = PBXFileReference; explicitFileType = wrapper.cfbundle; includeInIndex = 0; path = ComponentsUITests.xctest; sourceTree = BUILT_PRODUCTS_DIR; };
/* End PBXFileReference section */

/* Begin PBXFileSystemSynchronizedRootGroup section */
		C1EC91FB3052E13B00C4FBD1 /* Components */ = {
			isa = PBXFileSystemSynchronizedRootGroup;
			path = Components;
			sourceTree = "<group>";
		};
		C1EC92093052E13C00C4FBD1 /* ComponentsTests */ = {
			isa = PBXFileSystemSynchronizedRootGroup;
			path = ComponentsTests;
			sourceTree = "<group>";
		};
		C1EC92133052E13C00C4FBD1 /* ComponentsUITests */ = {
			isa = PBXFileSystemSynchronizedRootGroup;
			path = ComponentsUITests;
			sourceTree = "<group>";
		};
/* End PBXFileSystemSynchronizedRootGroup section */

/* Begin PBXFrameworksBuildPhase section */
		C1EC91F63052E13B00C4FBD1 /* Frameworks */ = {
			isa = PBXFrameworksBuildPhase;
			buildActionMask = 2147483647;
			files = (
				C1EC92373052F62A00C4FBD1 /* SwiftfulUI in Frameworks */,
				C177EC17305B233900A33DDC /* SwiftfulRouting in Frameworks */,
				C1EC92253052E27400C4FBD1 /* SDWebImageSwiftUI in Frameworks */,
			);
			runOnlyForDeploymentPostprocessing = 0;
		};
		C1EC92033052E13C00C4FBD1 /* Frameworks */ = {
			isa = PBXFrameworksBuildPhase;
			buildActionMask = 2147483647;
			files = (
				C1EC92393052F73300C4FBD1 /* SwiftfulUI in Frameworks */,
			);
			runOnlyForDeploymentPostprocessing = 0;
		};
		C1EC920D3052E13C00C4FBD1 /* Frameworks */ = {
			isa = PBXFrameworksBuildPhase;
			buildActionMask = 2147483647;
			files = (
			);
			runOnlyForDeploymentPostprocessing = 0;
		};
/* End PBXFrameworksBuildPhase section */

/* Begin PBXGroup section */
		C1EC91F03052E13B00C4FBD1 = {
			isa = PBXGroup;
			children = (
				C1EC91FB3052E13B00C4FBD1 /* Components */,
				C1EC92093052E13C00C4FBD1 /* ComponentsTests */,
				C1EC92133052E13C00C4FBD1 /* ComponentsUITests */,
				C1EC91FA3052E13B00C4FBD1 /* Products */,
			);
			sourceTree = "<group>";
		};
		C1EC91FA3052E13B00C4FBD1 /* Products */ = {
			isa = PBXGroup;
			children = (
				C1EC91F93052E13B00C4FBD1 /* Components.app */,
				C1EC92063052E13C00C4FBD1 /* ComponentsTests.xctest */,
				C1EC92103052E13C00C4FBD1 /* ComponentsUITests.xctest */,
			);
			name = Products;
			sourceTree = "<group>";
		};
/* End PBXGroup section */

/* Begin PBXNativeTarget section */
		C1EC91F83052E13B00C4FBD1 /* Components */ = {
			isa = PBXNativeTarget;
			buildConfigurationList = C1EC921A3052E13C00C4FBD1 /* Build configuration list for PBXNativeTarget "Components" */;
			buildPhases = (
				C1EC91F53052E13B00C4FBD1 /* Sources */,
				C1EC91F63052E13B00C4FBD1 /* Frameworks */,
				C1EC91F73052E13B00C4FBD1 /* Resources */,
			);
			buildRules = (
			);
			dependencies = (
			);
			fileSystemSynchronizedGroups = (
				C1EC91FB3052E13B00C4FBD1 /* Components */,
			);
			name = Components;
			packageProductDependencies = (
				C1EC92243052E27400C4FBD1 /* SDWebImageSwiftUI */,
				C1EC92363052F62A00C4FBD1 /* SwiftfulUI */,
				C177EC16305B233900A33DDC /* SwiftfulRouting */,
			);
			productName = Components;
			productReference = C1EC91F93052E13B00C4FBD1 /* Components.app */;
			productType = "com.apple.product-type.application";
		};
		C1EC92053052E13C00C4FBD1 /* ComponentsTests */ = {
			isa = PBXNativeTarget;
			buildConfigurationList = C1EC921D3052E13C00C4FBD1 /* Build configuration list for PBXNativeTarget "ComponentsTests" */;
			buildPhases = (
				C1EC92023052E13C00C4FBD1 /* Sources */,
				C1EC92033052E13C00C4FBD1 /* Frameworks */,
				C1EC92043052E13C00C4FBD1 /* Resources */,
			);
			buildRules = (
			);
			dependencies = (
				C1EC92083052E13C00C4FBD1 /* PBXTargetDependency */,
			);
			fileSystemSynchronizedGroups = (
				C1EC92093052E13C00C4FBD1 /* ComponentsTests */,
			);
			name = ComponentsTests;
			packageProductDependencies = (
				C1EC92383052F73300C4FBD1 /* SwiftfulUI */,
			);
			productName = ComponentsTests;
			productReference = C1EC92063052E13C00C4FBD1 /* ComponentsTests.xctest */;
			productType = "com.apple.product-type.bundle.unit-test";
		};
		C1EC920F3052E13C00C4FBD1 /* ComponentsUITests */ = {
			isa = PBXNativeTarget;
			buildConfigurationList = C1EC92203052E13C00C4FBD1 /* Build configuration list for PBXNativeTarget "ComponentsUITests" */;
			buildPhases = (
				C1EC920C3052E13C00C4FBD1 /* Sources */,
				C1EC920D3052E13C00C4FBD1 /* Frameworks */,
				C1EC920E3052E13C00C4FBD1 /* Resources */,
			);
			buildRules = (
			);
			dependencies = (
				C1EC92123052E13C00C4FBD1 /* PBXTargetDependency */,
			);
			fileSystemSynchronizedGroups = (
				C1EC92133052E13C00C4FBD1 /* ComponentsUITests */,
			);
			name = ComponentsUITests;
			packageProductDependencies = (
			);
			productName = ComponentsUITests;
			productReference = C1EC92103052E13C00C4FBD1 /* ComponentsUITests.xctest */;
			productType = "com.apple.product-type.bundle.ui-testing";
		};
/* End PBXNativeTarget section */

/* Begin PBXProject section */
		C1EC91F13052E13B00C4FBD1 /* Project object */ = {
			isa = PBXProject;
			attributes = {
				BuildIndependentTargetsInParallel = 1;
				LastSwiftUpdateCheck = 1640;
				LastUpgradeCheck = 1640;
				TargetAttributes = {
					C1EC91F83052E13B00C4FBD1 = {
						CreatedOnToolsVersion = 16.4;
					};
					C1EC92053052E13C00C4FBD1 = {
						CreatedOnToolsVersion = 16.4;
						TestTargetID = C1EC91F83052E13B00C4FBD1;
					};
					C1EC920F3052E13C00C4FBD1 = {
						CreatedOnToolsVersion = 16.4;
						TestTargetID = C1EC91F83052E13B00C4FBD1;
					};
				};
			};
			buildConfigurationList = C1EC91F43052E13B00C4FBD1 /* Build configuration list for PBXProject "Components" */;
			developmentRegion = en;
			hasScannedForEncodings = 0;
			knownRegions = (
				en,
				Base,
			);
			mainGroup = C1EC91F03052E13B00C4FBD1;
			minimizedProjectReferenceProxies = 1;
			packageReferences = (
				C1EC92233052E27400C4FBD1 /* XCRemoteSwiftPackageReference "SDWebImageSwiftUI" */,
				C1EC92353052F62A00C4FBD1 /* XCRemoteSwiftPackageReference "SwiftfulUI" */,
				C177EC15305B233900A33DDC /* XCRemoteSwiftPackageReference "SwiftfulRouting" */,
			);
			preferredProjectObjectVersion = 77;
			productRefGroup = C1EC91FA3052E13B00C4FBD1 /* Products */;
			projectDirPath = "";
			projectRoot = "";
			targets = (
				C1EC91F83052E13B00C4FBD1 /* Components */,
				C1EC92053052E13C00C4FBD1 /* ComponentsTests */,
				C1EC920F3052E13C00C4FBD1 /* ComponentsUITests */,
			);
		};
/* End PBXProject section */

/* Begin PBXResourcesBuildPhase section */
		C1EC91F73052E13B00C4FBD1 /* Resources */ = {
			isa = PBXResourcesBuildPhase;
			buildActionMask = 2147483647;
			files = (
			);
			runOnlyForDeploymentPostprocessing = 0;
		};
		C1EC92043052E13C00C4FBD1 /* Resources */ = {
			isa = PBXResourcesBuildPhase;
			buildActionMask = 2147483647;
			files = (
			);
			runOnlyForDeploymentPostprocessing = 0;
		};
		C1EC920E3052E13C00C4FBD1 /* Resources */ = {
			isa = PBXResourcesBuildPhase;
			buildActionMask = 2147483647;
			files = (
			);
			runOnlyForDeploymentPostprocessing = 0;
		};
/* End PBXResourcesBuildPhase section */

/* Begin PBXSourcesBuildPhase section */
		C1EC91F53052E13B00C4FBD1 /* Sources */ = {
			isa = PBXSourcesBuildPhase;
			buildActionMask = 2147483647;
			files = (
			);
			runOnlyForDeploymentPostprocessing = 0;
		};
		C1EC92023052E13C00C4FBD1 /* Sources */ = {
			isa = PBXSourcesBuildPhase;
			buildActionMask = 2147483647;
			files = (
			);
			runOnlyForDeploymentPostprocessing = 0;
		};
		C1EC920C3052E13C00C4FBD1 /* Sources */ = {
			isa = PBXSourcesBuildPhase;
			buildActionMask = 2147483647;
			files = (
			);
			runOnlyForDeploymentPostprocessing = 0;
		};
/* End PBXSourcesBuildPhase section */

/* Begin PBXTargetDependency section */
		C1EC92083052E13C00C4FBD1 /* PBXTargetDependency */ = {
			isa = PBXTargetDependency;
			target = C1EC91F83052E13B00C4FBD1 /* Components */;
			targetProxy = C1EC92073052E13C00C4FBD1 /* PBXContainerItemProxy */;
		};
		C1EC92123052E13C00C4FBD1 /* PBXTargetDependency */ = {
			isa = PBXTargetDependency;
			target = C1EC91F83052E13B00C4FBD1 /* Components */;
			targetProxy = C1EC92113052E13C00C4FBD1 /* PBXContainerItemProxy */;
		};
/* End PBXTargetDependency section */

/* Begin XCBuildConfiguration section */
		C1EC92183052E13C00C4FBD1 /* Debug */ = {
			isa = XCBuildConfiguration;
			buildSettings = {
				ALWAYS_SEARCH_USER_PATHS = NO;
				ASSETCATALOG_COMPILER_GENERATE_SWIFT_ASSET_SYMBOL_EXTENSIONS = YES;
				CLANG_ANALYZER_NONNULL = YES;
				CLANG_ANALYZER_NUMBER_OBJECT_CONVERSION = YES_AGGRESSIVE;
				CLANG_CXX_LANGUAGE_STANDARD = "gnu++20";
				CLANG_ENABLE_MODULES = YES;
				CLANG_ENABLE_OBJC_ARC = YES;
				CLANG_ENABLE_OBJC_WEAK = YES;
				CLANG_WARN_BLOCK_CAPTURE_AUTORELEASING = YES;
				CLANG_WARN_BOOL_CONVERSION = YES;
				CLANG_WARN_COMMA = YES;
				CLANG_WARN_CONSTANT_CONVERSION = YES;
				CLANG_WARN_DEPRECATED_OBJC_IMPLEMENTATIONS = YES;
				CLANG_WARN_DIRECT_OBJC_ISA_USAGE = YES_ERROR;
				CLANG_WARN_DOCUMENTATION_COMMENTS = YES;
				CLANG_WARN_EMPTY_BODY = YES;
				CLANG_WARN_ENUM_CONVERSION = YES;
				CLANG_WARN_INFINITE_RECURSION = YES;
				CLANG_WARN_INT_CONVERSION = YES;
				CLANG_WARN_NON_LITERAL_NULL_CONVERSION = YES;
				CLANG_WARN_OBJC_IMPLICIT_RETAIN_SELF = YES;
				CLANG_WARN_OBJC_LITERAL_CONVERSION = YES;
				CLANG_WARN_OBJC_ROOT_CLASS = YES_ERROR;
				CLANG_WARN_QUOTED_INCLUDE_IN_FRAMEWORK_HEADER = YES;
				CLANG_WARN_RANGE_LOOP_ANALYSIS = YES;
				CLANG_WARN_STRICT_PROTOTYPES = YES;
				CLANG_WARN_SUSPICIOUS_MOVE = YES;
				CLANG_WARN_UNGUARDED_AVAILABILITY = YES_AGGRESSIVE;
				CLANG_WARN_UNREACHABLE_CODE = YES;
				CLANG_WARN__DUPLICATE_METHOD_MATCH = YES;
				COPY_PHASE_STRIP = NO;
				DEBUG_INFORMATION_FORMAT = dwarf;
				ENABLE_STRICT_OBJC_MSGSEND = YES;
				ENABLE_TESTABILITY = YES;
				ENABLE_USER_SCRIPT_SANDBOXING = YES;
				GCC_C_LANGUAGE_STANDARD = gnu17;
				GCC_DYNAMIC_NO_PIC = NO;
				GCC_NO_COMMON_BLOCKS = YES;
				GCC_OPTIMIZATION_LEVEL = 0;
				GCC_PREPROCESSOR_DEFINITIONS = (
					"DEBUG=1",
					"$(inherited)",
				);
				GCC_WARN_64_TO_32_BIT_CONVERSION = YES;
				GCC_WARN_ABOUT_RETURN_TYPE = YES_ERROR;
				GCC_WARN_UNDECLARED_SELECTOR = YES;
				GCC_WARN_UNINITIALIZED_AUTOS = YES_AGGRESSIVE;
				GCC_WARN_UNUSED_FUNCTION = YES;
				GCC_WARN_UNUSED_VARIABLE = YES;
				IPHONEOS_DEPLOYMENT_TARGET = 18.5;
				LOCALIZATION_PREFERS_STRING_CATALOGS = YES;
				MTL_ENABLE_DEBUG_INFO = INCLUDE_SOURCE;
				MTL_FAST_MATH = YES;
				ONLY_ACTIVE_ARCH = YES;
				SDKROOT = iphoneos;
				SWIFT_ACTIVE_COMPILATION_CONDITIONS = "DEBUG $(inherited)";
				SWIFT_OPTIMIZATION_LEVEL = "-Onone";
			};
			name = Debug;
		};
		C1EC92193052E13C00C4FBD1 /* Release */ = {
			isa = XCBuildConfiguration;
			buildSettings = {
				ALWAYS_SEARCH_USER_PATHS = NO;
				ASSETCATALOG_COMPILER_GENERATE_SWIFT_ASSET_SYMBOL_EXTENSIONS = YES;
				CLANG_ANALYZER_NONNULL = YES;
				CLANG_ANALYZER_NUMBER_OBJECT_CONVERSION = YES_AGGRESSIVE;
				CLANG_CXX_LANGUAGE_STANDARD = "gnu++20";
				CLANG_ENABLE_MODULES = YES;
				CLANG_ENABLE_OBJC_ARC = YES;
				CLANG_ENABLE_OBJC_WEAK = YES;
				CLANG_WARN_BLOCK_CAPTURE_AUTORELEASING = YES;
				CLANG_WARN_BOOL_CONVERSION = YES;
				CLANG_WARN_COMMA = YES;
				CLANG_WARN_CONSTANT_CONVERSION = YES;
				CLANG_WARN_DEPRECATED_OBJC_IMPLEMENTATIONS = YES;
				CLANG_WARN_DIRECT_OBJC_ISA_USAGE = YES_ERROR;
				CLANG_WARN_DOCUMENTATION_COMMENTS = YES;
				CLANG_WARN_EMPTY_BODY = YES;
				CLANG_WARN_ENUM_CONVERSION = YES;
				CLANG_WARN_INFINITE_RECURSION = YES;
				CLANG_WARN_INT_CONVERSION = YES;
				CLANG_WARN_NON_LITERAL_NULL_CONVERSION = YES;
				CLANG_WARN_OBJC_IMPLICIT_RETAIN_SELF = YES;
				CLANG_WARN_OBJC_LITERAL_CONVERSION = YES;
				CLANG_WARN_OBJC_ROOT_CLASS = YES_ERROR;
				CLANG_WARN_QUOTED_INCLUDE_IN_FRAMEWORK_HEADER = YES;
				CLANG_WARN_RANGE_LOOP_ANALYSIS = YES;
				CLANG_WARN_STRICT_PROTOTYPES = YES;
				CLANG_WARN_SUSPICIOUS_MOVE = YES;
				CLANG_WARN_UNGUARDED_AVAILABILITY = YES_AGGRESSIVE;
				CLANG_WARN_UNREACHABLE_CODE = YES;
				CLANG_WARN__DUPLICATE_METHOD_MATCH = YES;
				COPY_PHASE_STRIP = NO;
				DEBUG_INFORMATION_FORMAT = "dwarf-with-dsym";
				ENABLE_NS_ASSERTIONS = NO;
				ENABLE_STRICT_OBJC_MSGSEND = YES;
				ENABLE_USER_SCRIPT_SANDBOXING = YES;
				GCC_C_LANGUAGE_STANDARD = gnu17;
				GCC_NO_COMMON_BLOCKS = YES;
				GCC_WARN_64_TO_32_BIT_CONVERSION = YES;
				GCC_WARN_ABOUT_RETURN_TYPE = YES_ERROR;
				GCC_WARN_UNDECLARED_SELECTOR = YES;
				GCC_WARN_UNINITIALIZED_AUTOS = YES_AGGRESSIVE;
				GCC_WARN_UNUSED_FUNCTION = YES;
				GCC_WARN_UNUSED_VARIABLE = YES;
				IPHONEOS_DEPLOYMENT_TARGET = 18.5;
				LOCALIZATION_PREFERS_STRING_CATALOGS = YES;
				MTL_ENABLE_DEBUG_INFO = NO;
				MTL_FAST_MATH = YES;
				SDKROOT = iphoneos;
				SWIFT_COMPILATION_MODE = wholemodule;
				VALIDATE_PRODUCT = YES;
			};
			name = Release;
		};
		C1EC921B3052E13C00C4FBD1 /* Debug */ = {
			isa = XCBuildConfiguration;
			buildSettings = {
				ASSETCATALOG_COMPILER_APPICON_NAME = AppIcon;
				ASSETCATALOG_COMPILER_GLOBAL_ACCENT_COLOR_NAME = AccentColor;
				CODE_SIGN_STYLE = Automatic;
				CURRENT_PROJECT_VERSION = 1;
				ENABLE_PREVIEWS = YES;
				GENERATE_INFOPLIST_FILE = YES;
				INFOPLIST_KEY_UIApplicationSceneManifest_Generation = YES;
				INFOPLIST_KEY_UIApplicationSupportsIndirectInputEvents = YES;
				INFOPLIST_KEY_UILaunchScreen_Generation = YES;
				INFOPLIST_KEY_UISupportedInterfaceOrientations_iPad = "UIInterfaceOrientationPortrait UIInterfaceOrientationPortraitUpsideDown UIInterfaceOrientationLandscapeLeft UIInterfaceOrientationLandscapeRight";
				INFOPLIST_KEY_UISupportedInterfaceOrientations_iPhone = "UIInterfaceOrientationPortrait UIInterfaceOrientationLandscapeLeft UIInterfaceOrientationLandscapeRight";
				LD_RUNPATH_SEARCH_PATHS = (
					"$(inherited)",
					"@executable_path/Frameworks",
				);
				MARKETING_VERSION = 1.0;
				PRODUCT_BUNDLE_IDENTIFIER = com.berivandagci.Components;
				PRODUCT_NAME = "$(TARGET_NAME)";
				SWIFT_EMIT_LOC_STRINGS = YES;
				SWIFT_VERSION = 5.0;
				TARGETED_DEVICE_FAMILY = "1,2";
			};
			name = Debug;
		};
		C1EC921C3052E13C00C4FBD1 /* Release */ = {
			isa = XCBuildConfiguration;
			buildSettings = {
				ASSETCATALOG_COMPILER_APPICON_NAME = AppIcon;
				ASSETCATALOG_COMPILER_GLOBAL_ACCENT_COLOR_NAME = AccentColor;
				CODE_SIGN_STYLE = Automatic;
				CURRENT_PROJECT_VERSION = 1;
				ENABLE_PREVIEWS = YES;
				GENERATE_INFOPLIST_FILE = YES;
				INFOPLIST_KEY_UIApplicationSceneManifest_Generation = YES;
				INFOPLIST_KEY_UIApplicationSupportsIndirectInputEvents = YES;
				INFOPLIST_KEY_UILaunchScreen_Generation = YES;
				INFOPLIST_KEY_UISupportedInterfaceOrientations_iPad = "UIInterfaceOrientationPortrait UIInterfaceOrientationPortraitUpsideDown UIInterfaceOrientationLandscapeLeft UIInterfaceOrientationLandscapeRight";
				INFOPLIST_KEY_UISupportedInterfaceOrientations_iPhone = "UIInterfaceOrientationPortrait UIInterfaceOrientationLandscapeLeft UIInterfaceOrientationLandscapeRight";
				LD_RUNPATH_SEARCH_PATHS = (
					"$(inherited)",
					"@executable_path/Frameworks",
				);
				MARKETING_VERSION = 1.0;
				PRODUCT_BUNDLE_IDENTIFIER = com.berivandagci.Components;
				PRODUCT_NAME = "$(TARGET_NAME)";
				SWIFT_EMIT_LOC_STRINGS = YES;
				SWIFT_VERSION = 5.0;
				TARGETED_DEVICE_FAMILY = "1,2";
			};
			name = Release;
		};
		C1EC921E3052E13C00C4FBD1 /* Debug */ = {
			isa = XCBuildConfiguration;
			buildSettings = {
				BUNDLE_LOADER = "$(TEST_HOST)";
				CODE_SIGN_STYLE = Automatic;
				CURRENT_PROJECT_VERSION = 1;
				GENERATE_INFOPLIST_FILE = YES;
				IPHONEOS_DEPLOYMENT_TARGET = 18.5;
				MARKETING_VERSION = 1.0;
				PRODUCT_BUNDLE_IDENTIFIER = com.berivandagci.ComponentsTests;
				PRODUCT_NAME = "$(TARGET_NAME)";
				SWIFT_EMIT_LOC_STRINGS = NO;
				SWIFT_VERSION = 5.0;
				TARGETED_DEVICE_FAMILY = "1,2";
				TEST_HOST = "$(BUILT_PRODUCTS_DIR)/Components.app/$(BUNDLE_EXECUTABLE_FOLDER_PATH)/Components";
			};
			name = Debug;
		};
		C1EC921F3052E13C00C4FBD1 /* Release */ = {
			isa = XCBuildConfiguration;
			buildSettings = {
				BUNDLE_LOADER = "$(TEST_HOST)";
				CODE_SIGN_STYLE = Automatic;
				CURRENT_PROJECT_VERSION = 1;
				GENERATE_INFOPLIST_FILE = YES;
				IPHONEOS_DEPLOYMENT_TARGET = 18.5;
				MARKETING_VERSION = 1.0;
				PRODUCT_BUNDLE_IDENTIFIER = com.berivandagci.ComponentsTests;
				PRODUCT_NAME = "$(TARGET_NAME)";
				SWIFT_EMIT_LOC_STRINGS = NO;
				SWIFT_VERSION = 5.0;
				TARGETED_DEVICE_FAMILY = "1,2";
				TEST_HOST = "$(BUILT_PRODUCTS_DIR)/Components.app/$(BUNDLE_EXECUTABLE_FOLDER_PATH)/Components";
			};
			name = Release;
		};
		C1EC92213052E13C00C4FBD1 /* Debug */ = {
			isa = XCBuildConfiguration;
			buildSettings = {
				CODE_SIGN_STYLE = Automatic;
				CURRENT_PROJECT_VERSION = 1;
				GENERATE_INFOPLIST_FILE = YES;
				MARKETING_VERSION = 1.0;
				PRODUCT_BUNDLE_IDENTIFIER = com.berivandagci.ComponentsUITests;
				PRODUCT_NAME = "$(TARGET_NAME)";
				SWIFT_EMIT_LOC_STRINGS = NO;
				SWIFT_VERSION = 5.0;
				TARGETED_DEVICE_FAMILY = "1,2";
				TEST_TARGET_NAME = Components;
			};
			name = Debug;
		};
		C1EC92223052E13C00C4FBD1 /* Release */ = {
			isa = XCBuildConfiguration;
			buildSettings = {
				CODE_SIGN_STYLE = Automatic;
				CURRENT_PROJECT_VERSION = 1;
				GENERATE_INFOPLIST_FILE = YES;
				MARKETING_VERSION = 1.0;
				PRODUCT_BUNDLE_IDENTIFIER = com.berivandagci.ComponentsUITests;
				PRODUCT_NAME = "$(TARGET_NAME)";
				SWIFT_EMIT_LOC_STRINGS = NO;
				SWIFT_VERSION = 5.0;
				TARGETED_DEVICE_FAMILY = "1,2";
				TEST_TARGET_NAME = Components;
			};
			name = Release;
		};
/* End XCBuildConfiguration section */

/* Begin XCConfigurationList section */
		C1EC91F43052E13B00C4FBD1 /* Build configuration list for PBXProject "Components" */ = {
			isa = XCConfigurationList;
			buildConfigurations = (
				C1EC92183052E13C00C4FBD1 /* Debug */,
				C1EC92193052E13C00C4FBD1 /* Release */,
			);
			defaultConfigurationIsVisible = 0;
			defaultConfigurationName = Release;
		};
		C1EC921A3052E13C00C4FBD1 /* Build configuration list for PBXNativeTarget "Components" */ = {
			isa = XCConfigurationList;
			buildConfigurations = (
				C1EC921B3052E13C00C4FBD1 /* Debug */,
				C1EC921C3052E13C00C4FBD1 /* Release */,
			);
			defaultConfigurationIsVisible = 0;
			defaultConfigurationName = Release;
		};
		C1EC921D3052E13C00C4FBD1 /* Build configuration list for PBXNativeTarget "ComponentsTests" */ = {
			isa = XCConfigurationList;
			buildConfigurations = (
				C1EC921E3052E13C00C4FBD1 /* Debug */,
				C1EC921F3052E13C00C4FBD1 /* Release */,
			);
			defaultConfigurationIsVisible = 0;
			defaultConfigurationName = Release;
		};
		C1EC92203052E13C00C4FBD1 /* Build configuration list for PBXNativeTarget "ComponentsUITests" */ = {
			isa = XCConfigurationList;
			buildConfigurations = (
				C1EC92213052E13C00C4FBD1 /* Debug */,
				C1EC92223052E13C00C4FBD1 /* Release */,
			);
			defaultConfigurationIsVisible = 0;
			defaultConfigurationName = Release;
		};
/* End XCConfigurationList section */

/* Begin XCRemoteSwiftPackageReference section */
		C177EC15305B233900A33DDC /* XCRemoteSwiftPackageReference "SwiftfulRouting" */ = {
			isa = XCRemoteSwiftPackageReference;
			repositoryURL = "https://github.com/SwiftfulThinking/SwiftfulRouting.git";
			requirement = {
				kind = upToNextMajorVersion;
				minimumVersion = 6.2.2;
			};
		};
		C1EC92233052E27400C4FBD1 /* XCRemoteSwiftPackageReference "SDWebImageSwiftUI" */ = {
			isa = XCRemoteSwiftPackageReference;
			repositoryURL = "https://github.com/SDWebImage/SDWebImageSwiftUI.git";
			requirement = {
				kind = upToNextMajorVersion;
				minimumVersion = 3.1.4;
			};
		};
		C1EC92353052F62A00C4FBD1 /* XCRemoteSwiftPackageReference "SwiftfulUI" */ = {
			isa = XCRemoteSwiftPackageReference;
			repositoryURL = "https://github.com/SwiftfulThinking/SwiftfulUI.git";
			requirement = {
				kind = upToNextMajorVersion;
				minimumVersion = 1.2.4;
			};
		};
/* End XCRemoteSwiftPackageReference section */

/* Begin XCSwiftPackageProductDependency section */
		C177EC16305B233900A33DDC /* SwiftfulRouting */ = {
			isa = XCSwiftPackageProductDependency;
			package = C177EC15305B233900A33DDC /* XCRemoteSwiftPackageReference "SwiftfulRouting" */;
			productName = SwiftfulRouting;
		};
		C1EC92243052E27400C4FBD1 /* SDWebImageSwiftUI */ = {
			isa = XCSwiftPackageProductDependency;
			package = C1EC92233052E27400C4FBD1 /* XCRemoteSwiftPackageReference "SDWebImageSwiftUI" */;
			productName = SDWebImageSwiftUI;
		};
		C1EC92363052F62A00C4FBD1 /* SwiftfulUI */ = {
			isa = XCSwiftPackageProductDependency;
			package = C1EC92353052F62A00C4FBD1 /* XCRemoteSwiftPackageReference "SwiftfulUI" */;
			productName = SwiftfulUI;
		};
		C1EC92383052F73300C4FBD1 /* SwiftfulUI */ = {
			isa = XCSwiftPackageProductDependency;
			package = C1EC92353052F62A00C4FBD1 /* XCRemoteSwiftPackageReference "SwiftfulUI" */;
			productName = SwiftfulUI;
		};
/* End XCSwiftPackageProductDependency section */
	};
	rootObject = C1EC91F13052E13B00C4FBD1 /* Project object */;
}
